{
  "name": "Sports",
  "version": "0.0.0",
  "lockfileVersion": 1,
  "requires": true,
  "dependencies": {
    "pebble-timeline-js": {
      "version": "2.0.1",
      "resolved": "https://registry.npmjs.org/pebble-timeline-js/-/pebble-timeline-js-2.0.1.tgz",
      "integrity": "sha512-OCSFy58+dATrp7ColD0bTxkRbb4QncvAo7Iif3rTm6FaSl2jkza2I63ZypmCCucwVQQOmpuEpkhcLBR2xLBT4A=="
    },
    "pebblejs": {
      "version": "1.0.0",
      "resolved": "https://registry.npmjs.org/pebblejs/-/pebblejs-1.0.0.tgz",
      "integrity": "sha1-3fMShv3aUzoVmgg7mtLLLqgZjow="
    },
    "timeline-js": {
      "version": "0.0.2",
      "resolved": "https://registry.npmjs.org/timeline-js/-/timeline-js-0.0.2.tgz",
      "integrity": "sha1-o86uZkklZtbvqIAC4UUb/dBe3oI="
    },
    "vector2": {
      "version": "0.1.1",
      "resolved": "https://registry.npmjs.org/vector2/-/vector2-0.1.1.tgz",
      "integrity": "sha1-gB6A1fmBoriqIa8rGj88yb+DAjo="
    }
  }
}
